
Microsoft Visual Studio Solution File, Format Version 12.00
# Visual Studio Version 16
VisualStudioVersion = 16.0.31702.278
MinimumVisualStudioVersion = 10.0.40219.1
Project("{FAE04EC0-301F-11D3-BF4B-00C04F79EFBC}") = "Web_Browser", "Web_Browser.csproj", "{7B49A7C4-9F1D-4120-A04B-C7C073DCFA6B}"
EndProject
Global
	GlobalSection(SolutionConfigurationPlatforms) = preSolution
		Debug|Any CPU = Debug|Any CPU
		Release|Any CPU = Release|Any CPU
	EndGlobalSection
	GlobalSection(ProjectConfigurationPlatforms) = postSolution
		{7B49A7C4-9F1D-4120-A04B-C7C073DCFA6B}.Debug|Any CPU.ActiveCfg = Debug|Any CPU
		{7B49A7C4-9F1D-4120-A04B-C7C073DCFA6B}.Debug|Any CPU.Build.0 = Debug|Any CPU
		{7B49A7C4-9F1D-4120-A04B-C7C073DCFA6B}.Release|Any CPU.ActiveCfg = Release|Any CPU
		{7B49A7C4-9F1D-4120-A04B-C7C073DCFA6B}.Release|Any CPU.Build.0 = Release|Any CPU
	EndGlobalSection
	GlobalSection(SolutionProperties) = preSolution
		HideSolutionNode = FALSE
	EndGlobalSection
	GlobalSection(ExtensibilityGlobals) = postSolution
		SolutionGuid = {2D412AFF-C6C3-4CE8-A4FB-A40F8D44E9B4}
	EndGlobalSection
EndGlobal
